
Microsoft Visual Studio Solution File, Format Version 12.00
# Visual Studio 15
VisualStudioVersion = 15.0.26124.0
MinimumVisualStudioVersion = 15.0.26124.0
Project("{2150E333-8FDC-42A3-9474-1A3956D46DE8}") = "src", "src", "{FDF6BB65-FF99-4096-B92E-B6EA2BF5E4AD}"
EndProject
Project("{FAE04EC0-301F-11D3-BF4B-00C04F79EFBC}") = "FhirDashboard", "src\FhirDashboard\FhirDashboard.csproj", "{074530D1-6D6F-4639-8E13-41103A3F611E}"
EndProject
Global
	GlobalSection(SolutionConfigurationPlatforms) = preSolution
		Debug|Any CPU = Debug|Any CPU
		Debug|x64 = Debug|x64
		Debug|x86 = Debug|x86
		Release|Any CPU = Release|Any CPU
		Release|x64 = Release|x64
		Release|x86 = Release|x86
	EndGlobalSection
	GlobalSection(SolutionProperties) = preSolution
		HideSolutionNode = FALSE
	EndGlobalSection
	GlobalSection(ProjectConfigurationPlatforms) = postSolution
		{074530D1-6D6F-4639-8E13-41103A3F611E}.Debug|Any CPU.ActiveCfg = Debug|Any CPU
		{074530D1-6D6F-4639-8E13-41103A3F611E}.Debug|Any CPU.Build.0 = Debug|Any CPU
		{074530D1-6D6F-4639-8E13-41103A3F611E}.Debug|x64.ActiveCfg = Debug|Any CPU
		{074530D1-6D6F-4639-8E13-41103A3F611E}.Debug|x64.Build.0 = Debug|Any CPU
		{074530D1-6D6F-4639-8E13-41103A3F611E}.Debug|x86.ActiveCfg = Debug|Any CPU
		{074530D1-6D6F-4639-8E13-41103A3F611E}.Debug|x86.Build.0 = Debug|Any CPU
		{074530D1-6D6F-4639-8E13-41103A3F611E}.Release|Any CPU.ActiveCfg = Release|Any CPU
		{074530D1-6D6F-4639-8E13-41103A3F611E}.Release|Any CPU.Build.0 = Release|Any CPU
		{074530D1-6D6F-4639-8E13-41103A3F611E}.Release|x64.ActiveCfg = Release|Any CPU
		{074530D1-6D6F-4639-8E13-41103A3F611E}.Release|x64.Build.0 = Release|Any CPU
		{074530D1-6D6F-4639-8E13-41103A3F611E}.Release|x86.ActiveCfg = Release|Any CPU
		{074530D1-6D6F-4639-8E13-41103A3F611E}.Release|x86.Build.0 = Release|Any CPU
	EndGlobalSection
	GlobalSection(NestedProjects) = preSolution
		{074530D1-6D6F-4639-8E13-41103A3F611E} = {FDF6BB65-FF99-4096-B92E-B6EA2BF5E4AD}
	EndGlobalSection
EndGlobal
