
Microsoft Visual Studio Solution File, Format Version 12.00
# Visual Studio 15
VisualStudioVersion = 15.0.26124.0
MinimumVisualStudioVersion = 15.0.26124.0
Project("{2150E333-8FDC-42A3-9474-1A3956D46DE8}") = "src", "src", "{2402B2ED-5ACD-4184-90E0-63319DF369C4}"
EndProject
Project("{FAE04EC0-301F-11D3-BF4B-00C04F79EFBC}") = "FhirDashboard", "src\FhirDashboard\FhirDashboard.csproj", "{FC1D7D07-9E41-4651-89EF-EE7A3AE82E05}"
EndProject
Project("{2150E333-8FDC-42A3-9474-1A3956D46DE8}") = "test", "test", "{25A6F929-F7DF-46DB-B262-C10CC89C0C24}"
EndProject
Project("{FAE04EC0-301F-11D3-BF4B-00C04F79EFBC}") = "FhirDashboard.Tests.E2E", "test\FhirDashboard.Tests.E2E\FhirDashboard.Tests.E2E.csproj", "{BB9A3C89-8616-4681-9049-C0DBADD5EF12}"
EndProject
Project("{FAE04EC0-301F-11D3-BF4B-00C04F79EFBC}") = "FhirServerSamples.FhirImportService", "src\FhirServerSamples.FhirImportService\FhirServerSamples.FhirImportService.csproj", "{062FFE06-DEBE-4D8D-9E33-233EB40444D1}"
EndProject
Global
	GlobalSection(SolutionConfigurationPlatforms) = preSolution
		Debug|Any CPU = Debug|Any CPU
		Debug|x64 = Debug|x64
		Debug|x86 = Debug|x86
		Release|Any CPU = Release|Any CPU
		Release|x64 = Release|x64
		Release|x86 = Release|x86
	EndGlobalSection
	GlobalSection(SolutionProperties) = preSolution
		HideSolutionNode = FALSE
	EndGlobalSection
	GlobalSection(ProjectConfigurationPlatforms) = postSolution
		{FC1D7D07-9E41-4651-89EF-EE7A3AE82E05}.Debug|Any CPU.ActiveCfg = Debug|Any CPU
		{FC1D7D07-9E41-4651-89EF-EE7A3AE82E05}.Debug|Any CPU.Build.0 = Debug|Any CPU
		{FC1D7D07-9E41-4651-89EF-EE7A3AE82E05}.Debug|x64.ActiveCfg = Debug|Any CPU
		{FC1D7D07-9E41-4651-89EF-EE7A3AE82E05}.Debug|x64.Build.0 = Debug|Any CPU
		{FC1D7D07-9E41-4651-89EF-EE7A3AE82E05}.Debug|x86.ActiveCfg = Debug|Any CPU
		{FC1D7D07-9E41-4651-89EF-EE7A3AE82E05}.Debug|x86.Build.0 = Debug|Any CPU
		{FC1D7D07-9E41-4651-89EF-EE7A3AE82E05}.Release|Any CPU.ActiveCfg = Release|Any CPU
		{FC1D7D07-9E41-4651-89EF-EE7A3AE82E05}.Release|Any CPU.Build.0 = Release|Any CPU
		{FC1D7D07-9E41-4651-89EF-EE7A3AE82E05}.Release|x64.ActiveCfg = Release|Any CPU
		{FC1D7D07-9E41-4651-89EF-EE7A3AE82E05}.Release|x64.Build.0 = Release|Any CPU
		{FC1D7D07-9E41-4651-89EF-EE7A3AE82E05}.Release|x86.ActiveCfg = Release|Any CPU
		{FC1D7D07-9E41-4651-89EF-EE7A3AE82E05}.Release|x86.Build.0 = Release|Any CPU
		{BB9A3C89-8616-4681-9049-C0DBADD5EF12}.Debug|Any CPU.ActiveCfg = Debug|Any CPU
		{BB9A3C89-8616-4681-9049-C0DBADD5EF12}.Debug|Any CPU.Build.0 = Debug|Any CPU
		{BB9A3C89-8616-4681-9049-C0DBADD5EF12}.Debug|x64.ActiveCfg = Debug|Any CPU
		{BB9A3C89-8616-4681-9049-C0DBADD5EF12}.Debug|x64.Build.0 = Debug|Any CPU
		{BB9A3C89-8616-4681-9049-C0DBADD5EF12}.Debug|x86.ActiveCfg = Debug|Any CPU
		{BB9A3C89-8616-4681-9049-C0DBADD5EF12}.Debug|x86.Build.0 = Debug|Any CPU
		{BB9A3C89-8616-4681-9049-C0DBADD5EF12}.Release|Any CPU.ActiveCfg = Release|Any CPU
		{BB9A3C89-8616-4681-9049-C0DBADD5EF12}.Release|Any CPU.Build.0 = Release|Any CPU
		{BB9A3C89-8616-4681-9049-C0DBADD5EF12}.Release|x64.ActiveCfg = Release|Any CPU
		{BB9A3C89-8616-4681-9049-C0DBADD5EF12}.Release|x64.Build.0 = Release|Any CPU
		{BB9A3C89-8616-4681-9049-C0DBADD5EF12}.Release|x86.ActiveCfg = Release|Any CPU
		{BB9A3C89-8616-4681-9049-C0DBADD5EF12}.Release|x86.Build.0 = Release|Any CPU
		{062FFE06-DEBE-4D8D-9E33-233EB40444D1}.Debug|Any CPU.ActiveCfg = Debug|Any CPU
		{062FFE06-DEBE-4D8D-9E33-233EB40444D1}.Debug|Any CPU.Build.0 = Debug|Any CPU
		{062FFE06-DEBE-4D8D-9E33-233EB40444D1}.Debug|x64.ActiveCfg = Debug|Any CPU
		{062FFE06-DEBE-4D8D-9E33-233EB40444D1}.Debug|x64.Build.0 = Debug|Any CPU
		{062FFE06-DEBE-4D8D-9E33-233EB40444D1}.Debug|x86.ActiveCfg = Debug|Any CPU
		{062FFE06-DEBE-4D8D-9E33-233EB40444D1}.Debug|x86.Build.0 = Debug|Any CPU
		{062FFE06-DEBE-4D8D-9E33-233EB40444D1}.Release|Any CPU.ActiveCfg = Release|Any CPU
		{062FFE06-DEBE-4D8D-9E33-233EB40444D1}.Release|Any CPU.Build.0 = Release|Any CPU
		{062FFE06-DEBE-4D8D-9E33-233EB40444D1}.Release|x64.ActiveCfg = Release|Any CPU
		{062FFE06-DEBE-4D8D-9E33-233EB40444D1}.Release|x64.Build.0 = Release|Any CPU
		{062FFE06-DEBE-4D8D-9E33-233EB40444D1}.Release|x86.ActiveCfg = Release|Any CPU
		{062FFE06-DEBE-4D8D-9E33-233EB40444D1}.Release|x86.Build.0 = Release|Any CPU
	EndGlobalSection
	GlobalSection(NestedProjects) = preSolution
		{FC1D7D07-9E41-4651-89EF-EE7A3AE82E05} = {2402B2ED-5ACD-4184-90E0-63319DF369C4}
		{BB9A3C89-8616-4681-9049-C0DBADD5EF12} = {25A6F929-F7DF-46DB-B262-C10CC89C0C24}
		{062FFE06-DEBE-4D8D-9E33-233EB40444D1} = {2402B2ED-5ACD-4184-90E0-63319DF369C4}
	EndGlobalSection
EndGlobal
